
Microsoft Visual Studio Solution File, Format Version 12.00
# Visual Studio Version 17
VisualStudioVersion = 17.9.34622.214
MinimumVisualStudioVersion = 10.0.40219.1
Project("{FAE04EC0-301F-11D3-BF4B-00C04F79EFBC}") = "Parcial_II_Anderson_Flores", "Parcial_II_Anderson_Flores\Parcial_II_Anderson_Flores.csproj", "{56A843CF-8EEE-4869-95EA-F5D5ACFFF486}"
EndProject
Global
	GlobalSection(SolutionConfigurationPlatforms) = preSolution
		Debug|Any CPU = Debug|Any CPU
		Release|Any CPU = Release|Any CPU
	EndGlobalSection
	GlobalSection(ProjectConfigurationPlatforms) = postSolution
		{56A843CF-8EEE-4869-95EA-F5D5ACFFF486}.Debug|Any CPU.ActiveCfg = Debug|Any CPU
		{56A843CF-8EEE-4869-95EA-F5D5ACFFF486}.Debug|Any CPU.Build.0 = Debug|Any CPU
		{56A843CF-8EEE-4869-95EA-F5D5ACFFF486}.Release|Any CPU.ActiveCfg = Release|Any CPU
		{56A843CF-8EEE-4869-95EA-F5D5ACFFF486}.Release|Any CPU.Build.0 = Release|Any CPU
	EndGlobalSection
	GlobalSection(SolutionProperties) = preSolution
		HideSolutionNode = FALSE
	EndGlobalSection
	GlobalSection(ExtensibilityGlobals) = postSolution
		SolutionGuid = {EE4737AA-4F5A-43E9-BE1E-AFF6CD8A60C5}
	EndGlobalSection
EndGlobal
